
Microsoft Visual Studio Solution File, Format Version 12.00
# Visual Studio Version 17
VisualStudioVersion = 17.11.35312.102
MinimumVisualStudioVersion = 10.0.40219.1
Project("{F184B08F-C81C-45F6-A57F-5ABD9991F28F}") = "Chine Town Receipt System", "Chine Town Receipt System\Chine Town Receipt System.vbproj", "{B5D87387-4C4C-438F-A781-6D18C620BDF4}"
EndProject
Global
	GlobalSection(SolutionConfigurationPlatforms) = preSolution
		Debug|Any CPU = Debug|Any CPU
		Release|Any CPU = Release|Any CPU
	EndGlobalSection
	GlobalSection(ProjectConfigurationPlatforms) = postSolution
		{B5D87387-4C4C-438F-A781-6D18C620BDF4}.Debug|Any CPU.ActiveCfg = Debug|Any CPU
		{B5D87387-4C4C-438F-A781-6D18C620BDF4}.Debug|Any CPU.Build.0 = Debug|Any CPU
		{B5D87387-4C4C-438F-A781-6D18C620BDF4}.Release|Any CPU.ActiveCfg = Release|Any CPU
		{B5D87387-4C4C-438F-A781-6D18C620BDF4}.Release|Any CPU.Build.0 = Release|Any CPU
	EndGlobalSection
	GlobalSection(SolutionProperties) = preSolution
		HideSolutionNode = FALSE
	EndGlobalSection
	GlobalSection(ExtensibilityGlobals) = postSolution
		SolutionGuid = {7A4D512D-533E-4F98-9C55-DD954DEB98C6}
	EndGlobalSection
EndGlobal
